<?xml version="1.0" encoding="utf-8"?>
<Project ToolsVersion="4.0" xmlns="http://schemas.microsoft.com/developer/msbuild/2003">
  <ItemGroup>
    <Filter Include="Source Files">
      <UniqueIdentifier>{4FC737F1-C7A5-4376-A066-2A32D752A2FF}</UniqueIdentifier>
      <Extensions>cpp;c;cc;cxx;def;odl;idl;hpj;bat;asm;asmx</Extensions>
    </Filter>
    <Filter Include="Header Files">
      <UniqueIdentifier>{93995380-89BD-4b04-88EB-625FBE52EBFB}</UniqueIdentifier>
      <Extensions>h;hh;hpp;hxx;hm;inl;inc;xsd</Extensions>
    </Filter>
    <Filter Include="Resource Files">
      <UniqueIdentifier>{67DA6AB6-F800-4c08-8B7A-83BB121AAD01}</UniqueIdentifier>
      <Extensions>rc;ico;cur;bmp;dlg;rc2;rct;bin;rgs;gif;jpg;jpeg;jpe;resx;tiff;tif;png;wav;mfcribbon-ms</Extensions>
    </Filter>
    <Filter Include="Exceptions">
      <UniqueIdentifier>{37b254a9-666b-4c5e-926f-69a0dc3b6daf}</UniqueIdentifier>
    </Filter>
    <Filter Include="USB">
      <UniqueIdentifier>{3cb85d50-f02c-43e4-a86b-5e0ef8592b04}</UniqueIdentifier>
    </Filter>
    <Filter Include="Commands">
      <UniqueIdentifier>{524efe88-6748-4b3e-ae47-fc5ff81750fd}</UniqueIdentifier>
    </Filter>
  </ItemGroup>
  <ItemGroup>
    <Text Include="ReadMe.txt" />
  </ItemGroup>
  <ItemGroup>
    <ClInclude Include="stdafx.h">
      <Filter>Header Files</Filter>
    </ClInclude>
    <ClInclude Include="targetver.h">
      <Filter>Header Files</Filter>
    </ClInclude>
    <ClInclude Include="DeviceAlreadyOpenException.hpp">
      <Filter>Exceptions</Filter>
    </ClInclude>
    <ClInclude Include="DeviceNotConnectedException.hpp">
      <Filter>Exceptions</Filter>
    </ClInclude>
    <ClInclude Include="USBConnector.h">
      <Filter>USB</Filter>
    </ClInclude>
    <ClInclude Include="USBInputOutputException.hpp">
      <Filter>Exceptions</Filter>
    </ClInclude>
    <ClInclude Include="USBInvalidParameterException.hpp">
      <Filter>Exceptions</Filter>
    </ClInclude>
    <ClInclude Include="USBAccessException.hpp">
      <Filter>Exceptions</Filter>
    </ClInclude>
    <ClInclude Include="USBBusException.hpp">
      <Filter>Exceptions</Filter>
    </ClInclude>
    <ClInclude Include="USBMemoryException.hpp">
      <Filter>Exceptions</Filter>
    </ClInclude>
    <ClInclude Include="USBException.hpp">
      <Filter>Exceptions</Filter>
    </ClInclude>
    <ClInclude Include="USBTimeoutException.hpp">
      <Filter>Exceptions</Filter>
    </ClInclude>
    <ClInclude Include="IllegalArgumentException.hpp">
      <Filter>Exceptions</Filter>
    </ClInclude>
    <ClInclude Include="SwitchLedOnCommand.h">
      <Filter>Commands</Filter>
    </ClInclude>
    <ClInclude Include="Command.h">
      <Filter>Commands</Filter>
    </ClInclude>
    <ClInclude Include="SwitchLedOffCommand.h">
      <Filter>Commands</Filter>
    </ClInclude>
    <ClInclude Include="GetLedStatusCommand.h">
      <Filter>Commands</Filter>
    </ClInclude>
  </ItemGroup>
  <ItemGroup>
    <ClCompile Include="stdafx.cpp">
      <Filter>Source Files</Filter>
    </ClCompile>
    <ClCompile Include="main.cpp">
      <Filter>Source Files</Filter>
    </ClCompile>
    <ClCompile Include="USBConnector.cpp">
      <Filter>USB</Filter>
    </ClCompile>
    <ClCompile Include="SwitchLedOnCommand.cpp">
      <Filter>Commands</Filter>
    </ClCompile>
    <ClCompile Include="SwitchLedOffCommand.cpp">
      <Filter>Commands</Filter>
    </ClCompile>
    <ClCompile Include="GetLedStatusCommand.cpp">
      <Filter>Commands</Filter>
    </ClCompile>
  </ItemGroup>
</Project>